// !$*UTF8*$!
{
	archiveVersion = 1;
	classes = {
	};
	objectVersion = 56;
	objects = {

/* Begin PBXBuildFile section */
		F1B6A1662998CA1800935AD2 /* AppDelegate.swift in Sources */ = {isa = PBXBuildFile; fileRef = F1B6A1652998CA1800935AD2 /* AppDelegate.swift */; };
		F1B6A1682998CA1800935AD2 /* SceneDelegate.swift in Sources */ = {isa = PBXBuildFile; fileRef = F1B6A1672998CA1800935AD2 /* SceneDelegate.swift */; };
		F1B6A16A2998CA1800935AD2 /* ViewController.swift in Sources */ = {isa = PBXBuildFile; fileRef = F1B6A1692998CA1800935AD2 /* ViewController.swift */; };
		F1B6A16D2998CA1800935AD2 /* Main.storyboard in Resources */ = {isa = PBXBuildFile; fileRef = F1B6A16B2998CA1800935AD2 /* Main.storyboard */; };
		F1B6A16F2998CA1C00935AD2 /* Assets.xcassets in Resources */ = {isa = PBXBuildFile; fileRef = F1B6A16E2998CA1C00935AD2 /* Assets.xcassets */; };
		F1B6A1722998CA1C00935AD2 /* LaunchScreen.storyboard in Resources */ = {isa = PBXBuildFile; fileRef = F1B6A1702998CA1C00935AD2 /* LaunchScreen.storyboard */; };
		F1B6A17D2998CA1D00935AD2 /* TableViewTests.swift in Sources */ = {isa = PBXBuildFile; fileRef = F1B6A17C2998CA1D00935AD2 /* TableViewTests.swift */; };
		F1B6A1872998CA1D00935AD2 /* TableViewUITests.swift in Sources */ = {isa = PBXBuildFile; fileRef = F1B6A1862998CA1D00935AD2 /* TableViewUITests.swift */; };
		F1B6A1892998CA1D00935AD2 /* TableViewUITestsLaunchTests.swift in Sources */ = {isa = PBXBuildFile; fileRef = F1B6A1882998CA1D00935AD2 /* TableViewUITestsLaunchTests.swift */; };
		F1B6A1982998E45600935AD2 /* ミニオン.jpg in Resources */ = {isa = PBXBuildFile; fileRef = F1B6A1952998E45500935AD2 /* ミニオン.jpg */; };
		F1B6A1992998E45600935AD2 /* IMG_8020.JPG in Resources */ = {isa = PBXBuildFile; fileRef = F1B6A1962998E45500935AD2 /* IMG_8020.JPG */; };
		F1B6A19A2998E45600935AD2 /* IMG_8015.JPG in Resources */ = {isa = PBXBuildFile; fileRef = F1B6A1972998E45500935AD2 /* IMG_8015.JPG */; };
/* End PBXBuildFile section */

/* Begin PBXContainerItemProxy section */
		F1B6A1792998CA1D00935AD2 /* PBXContainerItemProxy */ = {
			isa = PBXContainerItemProxy;
			containerPortal = F1B6A15A2998CA1700935AD2 /* Project object */;
			proxyType = 1;
			remoteGlobalIDString = F1B6A1612998CA1800935AD2;
			remoteInfo = TableView;
		};
		F1B6A1832998CA1D00935AD2 /* PBXContainerItemProxy */ = {
			isa = PBXContainerItemProxy;
			containerPortal = F1B6A15A2998CA1700935AD2 /* Project object */;
			proxyType = 1;
			remoteGlobalIDString = F1B6A1612998CA1800935AD2;
			remoteInfo = TableView;
		};
/* End PBXContainerItemProxy section */

/* Begin PBXFileReference section */
		F1B6A1622998CA1800935AD2 /* TableView.app */ = {isa = PBXFileReference; explicitFileType = wrapper.application; includeInIndex = 0; path = TableView.app; sourceTree = BUILT_PRODUCTS_DIR; };
		F1B6A1652998CA1800935AD2 /* AppDelegate.swift */ = {isa = PBXFileReference; lastKnownFileType = sourcecode.swift; path = AppDelegate.swift; sourceTree = "<group>"; };
		F1B6A1672998CA1800935AD2 /* SceneDelegate.swift */ = {isa = PBXFileReference; lastKnownFileType = sourcecode.swift; path = SceneDelegate.swift; sourceTree = "<group>"; };
		F1B6A1692998CA1800935AD2 /* ViewController.swift */ = {isa = PBXFileReference; lastKnownFileType = sourcecode.swift; path = ViewController.swift; sourceTree = "<group>"; };
		F1B6A16C2998CA1800935AD2 /* Base */ = {isa = PBXFileReference; lastKnownFileType = file.storyboard; name = Base; path = Base.lproj/Main.storyboard; sourceTree = "<group>"; };
		F1B6A16E2998CA1C00935AD2 /* Assets.xcassets */ = {isa = PBXFileReference; lastKnownFileType = folder.assetcatalog; path = Assets.xcassets; sourceTree = "<group>"; };
		F1B6A1712998CA1C00935AD2 /* Base */ = {isa = PBXFileReference; lastKnownFileType = file.storyboard; name = Base; path = Base.lproj/LaunchScreen.storyboard; sourceTree = "<group>"; };
		F1B6A1732998CA1C00935AD2 /* Info.plist */ = {isa = PBXFileReference; lastKnownFileType = text.plist.xml; path = Info.plist; sourceTree = "<group>"; };
		F1B6A1782998CA1D00935AD2 /* TableViewTests.xctest */ = {isa = PBXFileReference; explicitFileType = wrapper.cfbundle; includeInIndex = 0; path = TableViewTests.xctest; sourceTree = BUILT_PRODUCTS_DIR; };
		F1B6A17C2998CA1D00935AD2 /* TableViewTests.swift */ = {isa = PBXFileReference; lastKnownFileType = sourcecode.swift; path = TableViewTests.swift; sourceTree = "<group>"; };
		F1B6A1822998CA1D00935AD2 /* TableViewUITests.xctest */ = {isa = PBXFileReference; explicitFileType = wrapper.cfbundle; includeInIndex = 0; path = TableViewUITests.xctest; sourceTree = BUILT_PRODUCTS_DIR; };
		F1B6A1862998CA1D00935AD2 /* TableViewUITests.swift */ = {isa = PBXFileReference; lastKnownFileType = sourcecode.swift; path = TableViewUITests.swift; sourceTree = "<group>"; };
		F1B6A1882998CA1D00935AD2 /* TableViewUITestsLaunchTests.swift */ = {isa = PBXFileReference; lastKnownFileType = sourcecode.swift; path = TableViewUITestsLaunchTests.swift; sourceTree = "<group>"; };
		F1B6A1952998E45500935AD2 /* ミニオン.jpg */ = {isa = PBXFileReference; lastKnownFileType = image.jpeg; path = "ミニオン.jpg"; sourceTree = "<group>"; };
		F1B6A1962998E45500935AD2 /* IMG_8020.JPG */ = {isa = PBXFileReference; lastKnownFileType = image.jpeg; path = IMG_8020.JPG; sourceTree = "<group>"; };
		F1B6A1972998E45500935AD2 /* IMG_8015.JPG */ = {isa = PBXFileReference; lastKnownFileType = image.jpeg; path = IMG_8015.JPG; sourceTree = "<group>"; };
/* End PBXFileReference section */

/* Begin PBXFrameworksBuildPhase section */
		F1B6A15F2998CA1800935AD2 /* Frameworks */ = {
			isa = PBXFrameworksBuildPhase;
			buildActionMask = 2147483647;
			files = (
			);
			runOnlyForDeploymentPostprocessing = 0;
		};
		F1B6A1752998CA1D00935AD2 /* Frameworks */ = {
			isa = PBXFrameworksBuildPhase;
			buildActionMask = 2147483647;
			files = (
			);
			runOnlyForDeploymentPostprocessing = 0;
		};
		F1B6A17F2998CA1D00935AD2 /* Frameworks */ = {
			isa = PBXFrameworksBuildPhase;
			buildActionMask = 2147483647;
			files = (
			);
			runOnlyForDeploymentPostprocessing = 0;
		};
/* End PBXFrameworksBuildPhase section */

/* Begin PBXGroup section */
		F1B6A1592998CA1700935AD2 = {
			isa = PBXGroup;
			children = (
				F1B6A1642998CA1800935AD2 /* TableView */,
				F1B6A17B2998CA1D00935AD2 /* TableViewTests */,
				F1B6A1852998CA1D00935AD2 /* TableViewUITests */,
				F1B6A1632998CA1800935AD2 /* Products */,
			);
			sourceTree = "<group>";
		};
		F1B6A1632998CA1800935AD2 /* Products */ = {
			isa = PBXGroup;
			children = (
				F1B6A1622998CA1800935AD2 /* TableView.app */,
				F1B6A1782998CA1D00935AD2 /* TableViewTests.xctest */,
				F1B6A1822998CA1D00935AD2 /* TableViewUITests.xctest */,
			);
			name = Products;
			sourceTree = "<group>";
		};
		F1B6A1642998CA1800935AD2 /* TableView */ = {
			isa = PBXGroup;
			children = (
				F1B6A1652998CA1800935AD2 /* AppDelegate.swift */,
				F1B6A1672998CA1800935AD2 /* SceneDelegate.swift */,
				F1B6A1692998CA1800935AD2 /* ViewController.swift */,
				F1B6A16B2998CA1800935AD2 /* Main.storyboard */,
				F1B6A16E2998CA1C00935AD2 /* Assets.xcassets */,
				F1B6A1702998CA1C00935AD2 /* LaunchScreen.storyboard */,
				F1B6A1732998CA1C00935AD2 /* Info.plist */,
				F1B6A19B2998E48400935AD2 /* Images */,
			);
			path = TableView;
			sourceTree = "<group>";
		};
		F1B6A17B2998CA1D00935AD2 /* TableViewTests */ = {
			isa = PBXGroup;
			children = (
				F1B6A17C2998CA1D00935AD2 /* TableViewTests.swift */,
			);
			path = TableViewTests;
			sourceTree = "<group>";
		};
		F1B6A1852998CA1D00935AD2 /* TableViewUITests */ = {
			isa = PBXGroup;
			children = (
				F1B6A1862998CA1D00935AD2 /* TableViewUITests.swift */,
				F1B6A1882998CA1D00935AD2 /* TableViewUITestsLaunchTests.swift */,
			);
			path = TableViewUITests;
			sourceTree = "<group>";
		};
		F1B6A19B2998E48400935AD2 /* Images */ = {
			isa = PBXGroup;
			children = (
				F1B6A1952998E45500935AD2 /* ミニオン.jpg */,
				F1B6A1972998E45500935AD2 /* IMG_8015.JPG */,
				F1B6A1962998E45500935AD2 /* IMG_8020.JPG */,
			);
			path = Images;
			sourceTree = "<group>";
		};
/* End PBXGroup section */

/* Begin PBXNativeTarget section */
		F1B6A1612998CA1800935AD2 /* TableView */ = {
			isa = PBXNativeTarget;
			buildConfigurationList = F1B6A18C2998CA1D00935AD2 /* Build configuration list for PBXNativeTarget "TableView" */;
			buildPhases = (
				F1B6A15E2998CA1800935AD2 /* Sources */,
				F1B6A15F2998CA1800935AD2 /* Frameworks */,
				F1B6A1602998CA1800935AD2 /* Resources */,
			);
			buildRules = (
			);
			dependencies = (
			);
			name = TableView;
			productName = TableView;
			productReference = F1B6A1622998CA1800935AD2 /* TableView.app */;
			productType = "com.apple.product-type.application";
		};
		F1B6A1772998CA1D00935AD2 /* TableViewTests */ = {
			isa = PBXNativeTarget;
			buildConfigurationList = F1B6A18F2998CA1D00935AD2 /* Build configuration list for PBXNativeTarget "TableViewTests" */;
			buildPhases = (
				F1B6A1742998CA1D00935AD2 /* Sources */,
				F1B6A1752998CA1D00935AD2 /* Frameworks */,
				F1B6A1762998CA1D00935AD2 /* Resources */,
			);
			buildRules = (
			);
			dependencies = (
				F1B6A17A2998CA1D00935AD2 /* PBXTargetDependency */,
			);
			name = TableViewTests;
			productName = TableViewTests;
			productReference = F1B6A1782998CA1D00935AD2 /* TableViewTests.xctest */;
			productType = "com.apple.product-type.bundle.unit-test";
		};
		F1B6A1812998CA1D00935AD2 /* TableViewUITests */ = {
			isa = PBXNativeTarget;
			buildConfigurationList = F1B6A1922998CA1D00935AD2 /* Build configuration list for PBXNativeTarget "TableViewUITests" */;
			buildPhases = (
				F1B6A17E2998CA1D00935AD2 /* Sources */,
				F1B6A17F2998CA1D00935AD2 /* Frameworks */,
				F1B6A1802998CA1D00935AD2 /* Resources */,
			);
			buildRules = (
			);
			dependencies = (
				F1B6A1842998CA1D00935AD2 /* PBXTargetDependency */,
			);
			name = TableViewUITests;
			productName = TableViewUITests;
			productReference = F1B6A1822998CA1D00935AD2 /* TableViewUITests.xctest */;
			productType = "com.apple.product-type.bundle.ui-testing";
		};
/* End PBXNativeTarget section */

/* Begin PBXProject section */
		F1B6A15A2998CA1700935AD2 /* Project object */ = {
			isa = PBXProject;
			attributes = {
				BuildIndependentTargetsInParallel = 1;
				LastSwiftUpdateCheck = 1420;
				LastUpgradeCheck = 1420;
				TargetAttributes = {
					F1B6A1612998CA1800935AD2 = {
						CreatedOnToolsVersion = 14.2;
					};
					F1B6A1772998CA1D00935AD2 = {
						CreatedOnToolsVersion = 14.2;
						TestTargetID = F1B6A1612998CA1800935AD2;
					};
					F1B6A1812998CA1D00935AD2 = {
						CreatedOnToolsVersion = 14.2;
						TestTargetID = F1B6A1612998CA1800935AD2;
					};
				};
			};
			buildConfigurationList = F1B6A15D2998CA1700935AD2 /* Build configuration list for PBXProject "TableView" */;
			compatibilityVersion = "Xcode 14.0";
			developmentRegion = en;
			hasScannedForEncodings = 0;
			knownRegions = (
				en,
				Base,
			);
			mainGroup = F1B6A1592998CA1700935AD2;
			productRefGroup = F1B6A1632998CA1800935AD2 /* Products */;
			projectDirPath = "";
			projectRoot = "";
			targets = (
				F1B6A1612998CA1800935AD2 /* TableView */,
				F1B6A1772998CA1D00935AD2 /* TableViewTests */,
				F1B6A1812998CA1D00935AD2 /* TableViewUITests */,
			);
		};
/* End PBXProject section */

/* Begin PBXResourcesBuildPhase section */
		F1B6A1602998CA1800935AD2 /* Resources */ = {
			isa = PBXResourcesBuildPhase;
			buildActionMask = 2147483647;
			files = (
				F1B6A1722998CA1C00935AD2 /* LaunchScreen.storyboard in Resources */,
				F1B6A19A2998E45600935AD2 /* IMG_8015.JPG in Resources */,
				F1B6A1992998E45600935AD2 /* IMG_8020.JPG in Resources */,
				F1B6A16F2998CA1C00935AD2 /* Assets.xcassets in Resources */,
				F1B6A1982998E45600935AD2 /* ミニオン.jpg in Resources */,
				F1B6A16D2998CA1800935AD2 /* Main.storyboard in Resources */,
			);
			runOnlyForDeploymentPostprocessing = 0;
		};
		F1B6A1762998CA1D00935AD2 /* Resources */ = {
			isa = PBXResourcesBuildPhase;
			buildActionMask = 2147483647;
			files = (
			);
			runOnlyForDeploymentPostprocessing = 0;
		};
		F1B6A1802998CA1D00935AD2 /* Resources */ = {
			isa = PBXResourcesBuildPhase;
			buildActionMask = 2147483647;
			files = (
			);
			runOnlyForDeploymentPostprocessing = 0;
		};
/* End PBXResourcesBuildPhase section */

/* Begin PBXSourcesBuildPhase section */
		F1B6A15E2998CA1800935AD2 /* Sources */ = {
			isa = PBXSourcesBuildPhase;
			buildActionMask = 2147483647;
			files = (
				F1B6A16A2998CA1800935AD2 /* ViewController.swift in Sources */,
				F1B6A1662998CA1800935AD2 /* AppDelegate.swift in Sources */,
				F1B6A1682998CA1800935AD2 /* SceneDelegate.swift in Sources */,
			);
			runOnlyForDeploymentPostprocessing = 0;
		};
		F1B6A1742998CA1D00935AD2 /* Sources */ = {
			isa = PBXSourcesBuildPhase;
			buildActionMask = 2147483647;
			files = (
				F1B6A17D2998CA1D00935AD2 /* TableViewTests.swift in Sources */,
			);
			runOnlyForDeploymentPostprocessing = 0;
		};
		F1B6A17E2998CA1D00935AD2 /* Sources */ = {
			isa = PBXSourcesBuildPhase;
			buildActionMask = 2147483647;
			files = (
				F1B6A1892998CA1D00935AD2 /* TableViewUITestsLaunchTests.swift in Sources */,
				F1B6A1872998CA1D00935AD2 /* TableViewUITests.swift in Sources */,
			);
			runOnlyForDeploymentPostprocessing = 0;
		};
/* End PBXSourcesBuildPhase section */

/* Begin PBXTargetDependency section */
		F1B6A17A2998CA1D00935AD2 /* PBXTargetDependency */ = {
			isa = PBXTargetDependency;
			target = F1B6A1612998CA1800935AD2 /* TableView */;
			targetProxy = F1B6A1792998CA1D00935AD2 /* PBXContainerItemProxy */;
		};
		F1B6A1842998CA1D00935AD2 /* PBXTargetDependency */ = {
			isa = PBXTargetDependency;
			target = F1B6A1612998CA1800935AD2 /* TableView */;
			targetProxy = F1B6A1832998CA1D00935AD2 /* PBXContainerItemProxy */;
		};
/* End PBXTargetDependency section */

/* Begin PBXVariantGroup section */
		F1B6A16B2998CA1800935AD2 /* Main.storyboard */ = {
			isa = PBXVariantGroup;
			children = (
				F1B6A16C2998CA1800935AD2 /* Base */,
			);
			name = Main.storyboard;
			sourceTree = "<group>";
		};
		F1B6A1702998CA1C00935AD2 /* LaunchScreen.storyboard */ = {
			isa = PBXVariantGroup;
			children = (
				F1B6A1712998CA1C00935AD2 /* Base */,
			);
			name = LaunchScreen.storyboard;
			sourceTree = "<group>";
		};
/* End PBXVariantGroup section */

/* Begin XCBuildConfiguration section */
		F1B6A18A2998CA1D00935AD2 /* Debug */ = {
			isa = XCBuildConfiguration;
			buildSettings = {
				ALWAYS_SEARCH_USER_PATHS = NO;
				CLANG_ANALYZER_NONNULL = YES;
				CLANG_ANALYZER_NUMBER_OBJECT_CONVERSION = YES_AGGRESSIVE;
				CLANG_CXX_LANGUAGE_STANDARD = "gnu++20";
				CLANG_ENABLE_MODULES = YES;
				CLANG_ENABLE_OBJC_ARC = YES;
				CLANG_ENABLE_OBJC_WEAK = YES;
				CLANG_WARN_BLOCK_CAPTURE_AUTORELEASING = YES;
				CLANG_WARN_BOOL_CONVERSION = YES;
				CLANG_WARN_COMMA = YES;
				CLANG_WARN_CONSTANT_CONVERSION = YES;
				CLANG_WARN_DEPRECATED_OBJC_IMPLEMENTATIONS = YES;
				CLANG_WARN_DIRECT_OBJC_ISA_USAGE = YES_ERROR;
				CLANG_WARN_DOCUMENTATION_COMMENTS = YES;
				CLANG_WARN_EMPTY_BODY = YES;
				CLANG_WARN_ENUM_CONVERSION = YES;
				CLANG_WARN_INFINITE_RECURSION = YES;
				CLANG_WARN_INT_CONVERSION = YES;
				CLANG_WARN_NON_LITERAL_NULL_CONVERSION = YES;
				CLANG_WARN_OBJC_IMPLICIT_RETAIN_SELF = YES;
				CLANG_WARN_OBJC_LITERAL_CONVERSION = YES;
				CLANG_WARN_OBJC_ROOT_CLASS = YES_ERROR;
				CLANG_WARN_QUOTED_INCLUDE_IN_FRAMEWORK_HEADER = YES;
				CLANG_WARN_RANGE_LOOP_ANALYSIS = YES;
				CLANG_WARN_STRICT_PROTOTYPES = YES;
				CLANG_WARN_SUSPICIOUS_MOVE = YES;
				CLANG_WARN_UNGUARDED_AVAILABILITY = YES_AGGRESSIVE;
				CLANG_WARN_UNREACHABLE_CODE = YES;
				CLANG_WARN__DUPLICATE_METHOD_MATCH = YES;
				COPY_PHASE_STRIP = NO;
				DEBUG_INFORMATION_FORMAT = dwarf;
				ENABLE_STRICT_OBJC_MSGSEND = YES;
				ENABLE_TESTABILITY = YES;
				GCC_C_LANGUAGE_STANDARD = gnu11;
				GCC_DYNAMIC_NO_PIC = NO;
				GCC_NO_COMMON_BLOCKS = YES;
				GCC_OPTIMIZATION_LEVEL = 0;
				GCC_PREPROCESSOR_DEFINITIONS = (
					"DEBUG=1",
					"$(inherited)",
				);
				GCC_WARN_64_TO_32_BIT_CONVERSION = YES;
				GCC_WARN_ABOUT_RETURN_TYPE = YES_ERROR;
				GCC_WARN_UNDECLARED_SELECTOR = YES;
				GCC_WARN_UNINITIALIZED_AUTOS = YES_AGGRESSIVE;
				GCC_WARN_UNUSED_FUNCTION = YES;
				GCC_WARN_UNUSED_VARIABLE = YES;
				IPHONEOS_DEPLOYMENT_TARGET = 16.2;
				MTL_ENABLE_DEBUG_INFO = INCLUDE_SOURCE;
				MTL_FAST_MATH = YES;
				ONLY_ACTIVE_ARCH = YES;
				SDKROOT = iphoneos;
				SWIFT_ACTIVE_COMPILATION_CONDITIONS = DEBUG;
				SWIFT_OPTIMIZATION_LEVEL = "-Onone";
			};
			name = Debug;
		};
		F1B6A18B2998CA1D00935AD2 /* Release */ = {
			isa = XCBuildConfiguration;
			buildSettings = {
				ALWAYS_SEARCH_USER_PATHS = NO;
				CLANG_ANALYZER_NONNULL = YES;
				CLANG_ANALYZER_NUMBER_OBJECT_CONVERSION = YES_AGGRESSIVE;
				CLANG_CXX_LANGUAGE_STANDARD = "gnu++20";
				CLANG_ENABLE_MODULES = YES;
				CLANG_ENABLE_OBJC_ARC = YES;
				CLANG_ENABLE_OBJC_WEAK = YES;
				CLANG_WARN_BLOCK_CAPTURE_AUTORELEASING = YES;
				CLANG_WARN_BOOL_CONVERSION = YES;
				CLANG_WARN_COMMA = YES;
				CLANG_WARN_CONSTANT_CONVERSION = YES;
				CLANG_WARN_DEPRECATED_OBJC_IMPLEMENTATIONS = YES;
				CLANG_WARN_DIRECT_OBJC_ISA_USAGE = YES_ERROR;
				CLANG_WARN_DOCUMENTATION_COMMENTS = YES;
				CLANG_WARN_EMPTY_BODY = YES;
				CLANG_WARN_ENUM_CONVERSION = YES;
				CLANG_WARN_INFINITE_RECURSION = YES;
				CLANG_WARN_INT_CONVERSION = YES;
				CLANG_WARN_NON_LITERAL_NULL_CONVERSION = YES;
				CLANG_WARN_OBJC_IMPLICIT_RETAIN_SELF = YES;
				CLANG_WARN_OBJC_LITERAL_CONVERSION = YES;
				CLANG_WARN_OBJC_ROOT_CLASS = YES_ERROR;
				CLANG_WARN_QUOTED_INCLUDE_IN_FRAMEWORK_HEADER = YES;
				CLANG_WARN_RANGE_LOOP_ANALYSIS = YES;
				CLANG_WARN_STRICT_PROTOTYPES = YES;
				CLANG_WARN_SUSPICIOUS_MOVE = YES;
				CLANG_WARN_UNGUARDED_AVAILABILITY = YES_AGGRESSIVE;
				CLANG_WARN_UNREACHABLE_CODE = YES;
				CLANG_WARN__DUPLICATE_METHOD_MATCH = YES;
				COPY_PHASE_STRIP = NO;
				DEBUG_INFORMATION_FORMAT = "dwarf-with-dsym";
				ENABLE_NS_ASSERTIONS = NO;
				ENABLE_STRICT_OBJC_MSGSEND = YES;
				GCC_C_LANGUAGE_STANDARD = gnu11;
				GCC_NO_COMMON_BLOCKS = YES;
				GCC_WARN_64_TO_32_BIT_CONVERSION = YES;
				GCC_WARN_ABOUT_RETURN_TYPE = YES_ERROR;
				GCC_WARN_UNDECLARED_SELECTOR = YES;
				GCC_WARN_UNINITIALIZED_AUTOS = YES_AGGRESSIVE;
				GCC_WARN_UNUSED_FUNCTION = YES;
				GCC_WARN_UNUSED_VARIABLE = YES;
				IPHONEOS_DEPLOYMENT_TARGET = 16.2;
				MTL_ENABLE_DEBUG_INFO = NO;
				MTL_FAST_MATH = YES;
				SDKROOT = iphoneos;
				SWIFT_COMPILATION_MODE = wholemodule;
				SWIFT_OPTIMIZATION_LEVEL = "-O";
				VALIDATE_PRODUCT = YES;
			};
			name = Release;
		};
		F1B6A18D2998CA1D00935AD2 /* Debug */ = {
			isa = XCBuildConfiguration;
			buildSettings = {
				ASSETCATALOG_COMPILER_APPICON_NAME = AppIcon;
				ASSETCATALOG_COMPILER_GLOBAL_ACCENT_COLOR_NAME = AccentColor;
				CODE_SIGN_STYLE = Automatic;
				CURRENT_PROJECT_VERSION = 1;
				DEVELOPMENT_TEAM = TQFN4DL3L5;
				GENERATE_INFOPLIST_FILE = YES;
				INFOPLIST_FILE = TableView/Info.plist;
				INFOPLIST_KEY_UIApplicationSupportsIndirectInputEvents = YES;
				INFOPLIST_KEY_UILaunchStoryboardName = LaunchScreen;
				INFOPLIST_KEY_UIMainStoryboardFile = Main;
				INFOPLIST_KEY_UISupportedInterfaceOrientations_iPad = "UIInterfaceOrientationPortrait UIInterfaceOrientationPortraitUpsideDown UIInterfaceOrientationLandscapeLeft UIInterfaceOrientationLandscapeRight";
				INFOPLIST_KEY_UISupportedInterfaceOrientations_iPhone = "UIInterfaceOrientationPortrait UIInterfaceOrientationLandscapeLeft UIInterfaceOrientationLandscapeRight";
				IPHONEOS_DEPLOYMENT_TARGET = 16.0;
				LD_RUNPATH_SEARCH_PATHS = (
					"$(inherited)",
					"@executable_path/Frameworks",
				);
				MARKETING_VERSION = 1.0;
				PRODUCT_BUNDLE_IDENTIFIER = tokoroteen.TableView;
				PRODUCT_NAME = "$(TARGET_NAME)";
				SUPPORTED_PLATFORMS = "iphoneos iphonesimulator";
				SUPPORTS_MACCATALYST = NO;
				SUPPORTS_MAC_DESIGNED_FOR_IPHONE_IPAD = NO;
				SWIFT_EMIT_LOC_STRINGS = YES;
				SWIFT_VERSION = 5.0;
				TARGETED_DEVICE_FAMILY = 1;
			};
			name = Debug;
		};
		F1B6A18E2998CA1D00935AD2 /* Release */ = {
			isa = XCBuildConfiguration;
			buildSettings = {
				ASSETCATALOG_COMPILER_APPICON_NAME = AppIcon;
				ASSETCATALOG_COMPILER_GLOBAL_ACCENT_COLOR_NAME = AccentColor;
				CODE_SIGN_STYLE = Automatic;
				CURRENT_PROJECT_VERSION = 1;
				DEVELOPMENT_TEAM = TQFN4DL3L5;
				GENERATE_INFOPLIST_FILE = YES;
				INFOPLIST_FILE = TableView/Info.plist;
				INFOPLIST_KEY_UIApplicationSupportsIndirectInputEvents = YES;
				INFOPLIST_KEY_UILaunchStoryboardName = LaunchScreen;
				INFOPLIST_KEY_UIMainStoryboardFile = Main;
				INFOPLIST_KEY_UISupportedInterfaceOrientations_iPad = "UIInterfaceOrientationPortrait UIInterfaceOrientationPortraitUpsideDown UIInterfaceOrientationLandscapeLeft UIInterfaceOrientationLandscapeRight";
				INFOPLIST_KEY_UISupportedInterfaceOrientations_iPhone = "UIInterfaceOrientationPortrait UIInterfaceOrientationLandscapeLeft UIInterfaceOrientationLandscapeRight";
				IPHONEOS_DEPLOYMENT_TARGET = 16.0;
				LD_RUNPATH_SEARCH_PATHS = (
					"$(inherited)",
					"@executable_path/Frameworks",
				);
				MARKETING_VERSION = 1.0;
				PRODUCT_BUNDLE_IDENTIFIER = tokoroteen.TableView;
				PRODUCT_NAME = "$(TARGET_NAME)";
				SUPPORTED_PLATFORMS = "iphoneos iphonesimulator";
				SUPPORTS_MACCATALYST = NO;
				SUPPORTS_MAC_DESIGNED_FOR_IPHONE_IPAD = NO;
				SWIFT_EMIT_LOC_STRINGS = YES;
				SWIFT_VERSION = 5.0;
				TARGETED_DEVICE_FAMILY = 1;
			};
			name = Release;
		};
		F1B6A1902998CA1D00935AD2 /* Debug */ = {
			isa = XCBuildConfiguration;
			buildSettings = {
				ALWAYS_EMBED_SWIFT_STANDARD_LIBRARIES = YES;
				BUNDLE_LOADER = "$(TEST_HOST)";
				CODE_SIGN_STYLE = Automatic;
				CURRENT_PROJECT_VERSION = 1;
				DEVELOPMENT_TEAM = TQFN4DL3L5;
				GENERATE_INFOPLIST_FILE = YES;
				IPHONEOS_DEPLOYMENT_TARGET = 16.2;
				MARKETING_VERSION = 1.0;
				PRODUCT_BUNDLE_IDENTIFIER = tokoroteen.TableViewTests;
				PRODUCT_NAME = "$(TARGET_NAME)";
				SWIFT_EMIT_LOC_STRINGS = NO;
				SWIFT_VERSION = 5.0;
				TARGETED_DEVICE_FAMILY = "1,2";
				TEST_HOST = "$(BUILT_PRODUCTS_DIR)/TableView.app/$(BUNDLE_EXECUTABLE_FOLDER_PATH)/TableView";
			};
			name = Debug;
		};
		F1B6A1912998CA1D00935AD2 /* Release */ = {
			isa = XCBuildConfiguration;
			buildSettings = {
				ALWAYS_EMBED_SWIFT_STANDARD_LIBRARIES = YES;
				BUNDLE_LOADER = "$(TEST_HOST)";
				CODE_SIGN_STYLE = Automatic;
				CURRENT_PROJECT_VERSION = 1;
				DEVELOPMENT_TEAM = TQFN4DL3L5;
				GENERATE_INFOPLIST_FILE = YES;
				IPHONEOS_DEPLOYMENT_TARGET = 16.2;
				MARKETING_VERSION = 1.0;
				PRODUCT_BUNDLE_IDENTIFIER = tokoroteen.TableViewTests;
				PRODUCT_NAME = "$(TARGET_NAME)";
				SWIFT_EMIT_LOC_STRINGS = NO;
				SWIFT_VERSION = 5.0;
				TARGETED_DEVICE_FAMILY = "1,2";
				TEST_HOST = "$(BUILT_PRODUCTS_DIR)/TableView.app/$(BUNDLE_EXECUTABLE_FOLDER_PATH)/TableView";
			};
			name = Release;
		};
		F1B6A1932998CA1D00935AD2 /* Debug */ = {
			isa = XCBuildConfiguration;
			buildSettings = {
				ALWAYS_EMBED_SWIFT_STANDARD_LIBRARIES = YES;
				CODE_SIGN_STYLE = Automatic;
				CURRENT_PROJECT_VERSION = 1;
				DEVELOPMENT_TEAM = TQFN4DL3L5;
				GENERATE_INFOPLIST_FILE = YES;
				MARKETING_VERSION = 1.0;
				PRODUCT_BUNDLE_IDENTIFIER = tokoroteen.TableViewUITests;
				PRODUCT_NAME = "$(TARGET_NAME)";
				SWIFT_EMIT_LOC_STRINGS = NO;
				SWIFT_VERSION = 5.0;
				TARGETED_DEVICE_FAMILY = "1,2";
				TEST_TARGET_NAME = TableView;
			};
			name = Debug;
		};
		F1B6A1942998CA1D00935AD2 /* Release */ = {
			isa = XCBuildConfiguration;
			buildSettings = {
				ALWAYS_EMBED_SWIFT_STANDARD_LIBRARIES = YES;
				CODE_SIGN_STYLE = Automatic;
				CURRENT_PROJECT_VERSION = 1;
				DEVELOPMENT_TEAM = TQFN4DL3L5;
				GENERATE_INFOPLIST_FILE = YES;
				MARKETING_VERSION = 1.0;
				PRODUCT_BUNDLE_IDENTIFIER = tokoroteen.TableViewUITests;
				PRODUCT_NAME = "$(TARGET_NAME)";
				SWIFT_EMIT_LOC_STRINGS = NO;
				SWIFT_VERSION = 5.0;
				TARGETED_DEVICE_FAMILY = "1,2";
				TEST_TARGET_NAME = TableView;
			};
			name = Release;
		};
/* End XCBuildConfiguration section */

/* Begin XCConfigurationList section */
		F1B6A15D2998CA1700935AD2 /* Build configuration list for PBXProject "TableView" */ = {
			isa = XCConfigurationList;
			buildConfigurations = (
				F1B6A18A2998CA1D00935AD2 /* Debug */,
				F1B6A18B2998CA1D00935AD2 /* Release */,
			);
			defaultConfigurationIsVisible = 0;
			defaultConfigurationName = Release;
		};
		F1B6A18C2998CA1D00935AD2 /* Build configuration list for PBXNativeTarget "TableView" */ = {
			isa = XCConfigurationList;
			buildConfigurations = (
				F1B6A18D2998CA1D00935AD2 /* Debug */,
				F1B6A18E2998CA1D00935AD2 /* Release */,
			);
			defaultConfigurationIsVisible = 0;
			defaultConfigurationName = Release;
		};
		F1B6A18F2998CA1D00935AD2 /* Build configuration list for PBXNativeTarget "TableViewTests" */ = {
			isa = XCConfigurationList;
			buildConfigurations = (
				F1B6A1902998CA1D00935AD2 /* Debug */,
				F1B6A1912998CA1D00935AD2 /* Release */,
			);
			defaultConfigurationIsVisible = 0;
			defaultConfigurationName = Release;
		};
		F1B6A1922998CA1D00935AD2 /* Build configuration list for PBXNativeTarget "TableViewUITests" */ = {
			isa = XCConfigurationList;
			buildConfigurations = (
				F1B6A1932998CA1D00935AD2 /* Debug */,
				F1B6A1942998CA1D00935AD2 /* Release */,
			);
			defaultConfigurationIsVisible = 0;
			defaultConfigurationName = Release;
		};
/* End XCConfigurationList section */
	};
	rootObject = F1B6A15A2998CA1700935AD2 /* Project object */;
}
